{
  "nodes": {
    "nixpkgs": {
      "locked": {
        "lastModified": 1790218706,
        "narHash": "sha256-6e4Na3z008XpdVyOXgfasXIn1aN+z8AXFG+jXdQSyuI=",
        "owner": "nixos",
        "repo": "nixpkgs",
        "rev": "c508844df6c28fa6dabc1b6af70f3ccbd65c5201",
        "type": "github"
      },
      "original": {
        "owner": "nixos",
        "ref": "nixos-26.05",
        "repo": "nixpkgs",
        "type": "github"
      }
    },
    "quickshell": {
      "inputs": {
        "nixpkgs": [
          "nixpkgs"
        ]
      },
      "locked": {
        "lastModified": 1790320527,
        "narHash": "sha256-cJi62zzLYq0WRUAVqYEzn82CSoGIGFDDLFv0eJaK3Co=",
        "ref": "refs/heads/master",
        "rev": "4594680eb4ba89a69f6a830174028b6e3d14ccfa",
        "revCount": 863,
        "type": "git",
        "url": "https://git.outfoxxed.me/outfoxxed/quickshell"
      },
      "original": {
        "type": "git",
        "url": "https://git.outfoxxed.me/outfoxxed/quickshell"
      }
    },
    "root": {
      "inputs": {
        "nixpkgs": "nixpkgs",
        "quickshell": "quickshell"
      }
    }
  },
  "root": "root",
  "version": 7
}
